
Microsoft Visual Studio Solution File, Format Version 12.00
# Visual Studio Version 17
VisualStudioVersion = 17.5.002.0
MinimumVisualStudioVersion = 10.0.40219.1
Project("{2150E333-8FDC-42A3-9474-1A3956D46DE8}") = "AulasC#", "AulasC#", "{F6B3F7C8-7407-4EF9-93AC-0DB5F9EE09A4}"
EndProject
Project("{9A19103F-16F7-4668-BE54-9A1E7A4F7556}") = "AulaNamespace", "AulasC#\AulaNamespace\AulaNamespace.csproj", "{E08ED936-87BA-43F9-B784-64AAE0522314}"
EndProject
Global
	GlobalSection(SolutionConfigurationPlatforms) = preSolution
		Debug|Any CPU = Debug|Any CPU
		Release|Any CPU = Release|Any CPU
	EndGlobalSection
	GlobalSection(ProjectConfigurationPlatforms) = postSolution
		{E08ED936-87BA-43F9-B784-64AAE0522314}.Debug|Any CPU.ActiveCfg = Debug|Any CPU
		{E08ED936-87BA-43F9-B784-64AAE0522314}.Debug|Any CPU.Build.0 = Debug|Any CPU
		{E08ED936-87BA-43F9-B784-64AAE0522314}.Release|Any CPU.ActiveCfg = Release|Any CPU
		{E08ED936-87BA-43F9-B784-64AAE0522314}.Release|Any CPU.Build.0 = Release|Any CPU
	EndGlobalSection
	GlobalSection(SolutionProperties) = preSolution
		HideSolutionNode = FALSE
	EndGlobalSection
	GlobalSection(NestedProjects) = preSolution
		{E08ED936-87BA-43F9-B784-64AAE0522314} = {F6B3F7C8-7407-4EF9-93AC-0DB5F9EE09A4}
	EndGlobalSection
	GlobalSection(ExtensibilityGlobals) = postSolution
		SolutionGuid = {9A949677-66B4-4DC2-86B6-95720E7E8B35}
	EndGlobalSection
EndGlobal
